
Microsoft Visual Studio Solution File, Format Version 12.00
# Visual Studio Version 17
VisualStudioVersion = 17.8.34330.188
MinimumVisualStudioVersion = 10.0.40219.1
Project("{FAE04EC0-301F-11D3-BF4B-00C04F79EFBC}") = "testeGit123", "testeGit123\testeGit123.csproj", "{B4BA7143-273F-4B7E-8970-0A769E639C7A}"
EndProject
Global
	GlobalSection(SolutionConfigurationPlatforms) = preSolution
		Debug|Any CPU = Debug|Any CPU
		Release|Any CPU = Release|Any CPU
	EndGlobalSection
	GlobalSection(ProjectConfigurationPlatforms) = postSolution
		{B4BA7143-273F-4B7E-8970-0A769E639C7A}.Debug|Any CPU.ActiveCfg = Debug|Any CPU
		{B4BA7143-273F-4B7E-8970-0A769E639C7A}.Debug|Any CPU.Build.0 = Debug|Any CPU
		{B4BA7143-273F-4B7E-8970-0A769E639C7A}.Release|Any CPU.ActiveCfg = Release|Any CPU
		{B4BA7143-273F-4B7E-8970-0A769E639C7A}.Release|Any CPU.Build.0 = Release|Any CPU
	EndGlobalSection
	GlobalSection(SolutionProperties) = preSolution
		HideSolutionNode = FALSE
	EndGlobalSection
	GlobalSection(ExtensibilityGlobals) = postSolution
		SolutionGuid = {409D3FC2-4DC3-42EC-9EFF-4E64EF6E67FB}
	EndGlobalSection
EndGlobal
